
Microsoft Visual Studio Solution File, Format Version 12.00
# Visual Studio Version 17
VisualStudioVersion = 17.6.33815.320
MinimumVisualStudioVersion = 10.0.40219.1
Project("{9A19103F-16F7-4668-BE54-9A1E7A4F7556}") = "Raccoon", "Raccoon\Raccoon.csproj", "{B09D16AF-369E-4EDF-8997-E177CDD61ACB}"
EndProject
Project("{FAE04EC0-301F-11D3-BF4B-00C04F79EFBC}") = "ConsoleApp1", "ConsoleApp1\ConsoleApp1.csproj", "{7828736C-A715-4F29-94BC-B83906550777}"
EndProject
Global
	GlobalSection(SolutionConfigurationPlatforms) = preSolution
		Debug|Any CPU = Debug|Any CPU
		Release|Any CPU = Release|Any CPU
	EndGlobalSection
	GlobalSection(ProjectConfigurationPlatforms) = postSolution
		{B09D16AF-369E-4EDF-8997-E177CDD61ACB}.Debug|Any CPU.ActiveCfg = Debug|Any CPU
		{B09D16AF-369E-4EDF-8997-E177CDD61ACB}.Debug|Any CPU.Build.0 = Debug|Any CPU
		{B09D16AF-369E-4EDF-8997-E177CDD61ACB}.Release|Any CPU.ActiveCfg = Release|Any CPU
		{B09D16AF-369E-4EDF-8997-E177CDD61ACB}.Release|Any CPU.Build.0 = Release|Any CPU
		{7828736C-A715-4F29-94BC-B83906550777}.Debug|Any CPU.ActiveCfg = Debug|Any CPU
		{7828736C-A715-4F29-94BC-B83906550777}.Debug|Any CPU.Build.0 = Debug|Any CPU
		{7828736C-A715-4F29-94BC-B83906550777}.Release|Any CPU.ActiveCfg = Release|Any CPU
		{7828736C-A715-4F29-94BC-B83906550777}.Release|Any CPU.Build.0 = Release|Any CPU
	EndGlobalSection
	GlobalSection(SolutionProperties) = preSolution
		HideSolutionNode = FALSE
	EndGlobalSection
	GlobalSection(ExtensibilityGlobals) = postSolution
		SolutionGuid = {25499902-C4D8-43EA-9000-CC6EB7AD8EA8}
	EndGlobalSection
EndGlobal
